<?xml version="1.0" encoding="utf-8"?>
<Project ToolsVersion="4.0" xmlns="http://schemas.microsoft.com/developer/msbuild/2003">
  <ItemGroup>
    <Filter Include="Source Files">
      <UniqueIdentifier>{4FC737F1-C7A5-4376-A066-2A32D752A2FF}</UniqueIdentifier>
      <Extensions>cpp;c;cc;cxx;def;odl;idl;hpj;bat;asm;asmx</Extensions>
    </Filter>
    <Filter Include="Header Files">
      <UniqueIdentifier>{93995380-89BD-4b04-88EB-625FBE52EBFB}</UniqueIdentifier>
      <Extensions>h;hh;hpp;hxx;hm;inl;inc;xsd</Extensions>
    </Filter>
    <Filter Include="Resource Files">
      <UniqueIdentifier>{67DA6AB6-F800-4c08-8B7A-83BB121AAD01}</UniqueIdentifier>
      <Extensions>rc;ico;cur;bmp;dlg;rc2;rct;bin;rgs;gif;jpg;jpeg;jpe;resx;tiff;tif;png;wav;mfcribbon-ms</Extensions>
    </Filter>
    <Filter Include="Exercises">
      <UniqueIdentifier>{2353b5ab-52b2-4962-9cd9-952873770ded}</UniqueIdentifier>
    </Filter>
    <Filter Include="Exercises\StlAlgorithms">
      <UniqueIdentifier>{9a489ee6-203d-402d-87c7-0dfe856946b9}</UniqueIdentifier>
    </Filter>
  </ItemGroup>
  <ItemGroup>
    <Text Include="ReadMe.txt" />
  </ItemGroup>
  <ItemGroup>
    <ClInclude Include="stdafx.h">
      <Filter>Header Files</Filter>
    </ClInclude>
    <ClInclude Include="targetver.h">
      <Filter>Header Files</Filter>
    </ClInclude>
    <ClInclude Include="Source\StlAlgorithms\CStlAlgorithms.h">
      <Filter>Exercises\StlAlgorithms</Filter>
    </ClInclude>
    <ClInclude Include="Source\StlAlgorithms\CStlCountAndFind.h">
      <Filter>Exercises\StlAlgorithms</Filter>
    </ClInclude>
    <ClInclude Include="Source\StlAlgorithms\CStlSort.h">
      <Filter>Exercises\StlAlgorithms</Filter>
    </ClInclude>
  </ItemGroup>
  <ItemGroup>
    <ClCompile Include="stdafx.cpp">
      <Filter>Source Files</Filter>
    </ClCompile>
    <ClCompile Include="Exercises.cpp">
      <Filter>Source Files</Filter>
    </ClCompile>
    <ClCompile Include="Source\StlAlgorithms\CStlAlgorithms.cpp">
      <Filter>Exercises\StlAlgorithms</Filter>
    </ClCompile>
    <ClCompile Include="Source\StlAlgorithms\CStlCountAndFind.cpp">
      <Filter>Exercises\StlAlgorithms</Filter>
    </ClCompile>
    <ClCompile Include="Source\StlAlgorithms\CStlSort.cpp">
      <Filter>Exercises\StlAlgorithms</Filter>
    </ClCompile>
  </ItemGroup>
</Project>